
Microsoft Visual Studio Solution File, Format Version 12.00
# Visual Studio Version 17
VisualStudioVersion = 17.1.32319.34
MinimumVisualStudioVersion = 10.0.40219.1
Project("{FAE04EC0-301F-11D3-BF4B-00C04F79EFBC}") = "GeneticAlgorithmFinal", "GeneticAlgorithmFinal\GeneticAlgorithmFinal.csproj", "{5E224C3F-2D38-4C2E-899D-4AF95DC89421}"
EndProject
Global
	GlobalSection(SolutionConfigurationPlatforms) = preSolution
		Debug|Any CPU = Debug|Any CPU
		Release|Any CPU = Release|Any CPU
	EndGlobalSection
	GlobalSection(ProjectConfigurationPlatforms) = postSolution
		{5E224C3F-2D38-4C2E-899D-4AF95DC89421}.Debug|Any CPU.ActiveCfg = Debug|Any CPU
		{5E224C3F-2D38-4C2E-899D-4AF95DC89421}.Debug|Any CPU.Build.0 = Debug|Any CPU
		{5E224C3F-2D38-4C2E-899D-4AF95DC89421}.Release|Any CPU.ActiveCfg = Release|Any CPU
		{5E224C3F-2D38-4C2E-899D-4AF95DC89421}.Release|Any CPU.Build.0 = Release|Any CPU
	EndGlobalSection
	GlobalSection(SolutionProperties) = preSolution
		HideSolutionNode = FALSE
	EndGlobalSection
	GlobalSection(ExtensibilityGlobals) = postSolution
		SolutionGuid = {BB0829F6-AFF1-44EB-94F8-4C0CED7C7617}
	EndGlobalSection
EndGlobal
